
Microsoft Visual Studio Solution File, Format Version 12.00
# Visual Studio Version 17
VisualStudioVersion = 17.10.35013.160
MinimumVisualStudioVersion = 10.0.40219.1
Project("{9A19103F-16F7-4668-BE54-9A1E7A4F7556}") = "CSharpLox", "CSharpLox.csproj", "{81C69187-CA3C-47C9-B6AD-11A4A781DA5E}"
EndProject
Project("{9A19103F-16F7-4668-BE54-9A1E7A4F7556}") = "ASTGenerator", "ASTGenerator\ASTGenerator.csproj", "{C1036D63-71BC-47E3-8632-CF3076548F65}"
EndProject
Global
	GlobalSection(SolutionConfigurationPlatforms) = preSolution
		Debug|Any CPU = Debug|Any CPU
		Release|Any CPU = Release|Any CPU
	EndGlobalSection
	GlobalSection(ProjectConfigurationPlatforms) = postSolution
		{81C69187-CA3C-47C9-B6AD-11A4A781DA5E}.Debug|Any CPU.ActiveCfg = Debug|Any CPU
		{81C69187-CA3C-47C9-B6AD-11A4A781DA5E}.Debug|Any CPU.Build.0 = Debug|Any CPU
		{81C69187-CA3C-47C9-B6AD-11A4A781DA5E}.Release|Any CPU.ActiveCfg = Release|Any CPU
		{81C69187-CA3C-47C9-B6AD-11A4A781DA5E}.Release|Any CPU.Build.0 = Release|Any CPU
		{C1036D63-71BC-47E3-8632-CF3076548F65}.Debug|Any CPU.ActiveCfg = Debug|Any CPU
		{C1036D63-71BC-47E3-8632-CF3076548F65}.Debug|Any CPU.Build.0 = Debug|Any CPU
		{C1036D63-71BC-47E3-8632-CF3076548F65}.Release|Any CPU.ActiveCfg = Release|Any CPU
		{C1036D63-71BC-47E3-8632-CF3076548F65}.Release|Any CPU.Build.0 = Release|Any CPU
	EndGlobalSection
	GlobalSection(SolutionProperties) = preSolution
		HideSolutionNode = FALSE
	EndGlobalSection
	GlobalSection(ExtensibilityGlobals) = postSolution
		SolutionGuid = {6BE5811C-90BE-4B2F-A245-810AD2552C50}
	EndGlobalSection
EndGlobal
